github.com/cavaliergopher/cpio v1.0.1 h1:KQFSeKmZhv0cr+kawA3a0xTQCU4QxXF1vhU7P7av2KM=
github.com/cavaliergopher/cpio v1.0.1/go.mod h1:pBdaqQjnvXxdS/6CvNDwIANIFSP0xRKI16PX4xejRQc=
github.com/google/go-cmp v0.3.1 h1:Xye71clBPdm5HgqGwUkwhbynsUJZhDbS20FvLhQ2izg=
github.com/google/go-cmp v0.3.1/go.mod h1:8QqcDgzrUqlUb/G2PQTWiueGozuR1884gddMywk6iLU=
github.com/klauspost/compress v1.16.6 h1:91SKEy4K37vkp255cJ8QesJhjyRO0hn9i9G0GoUwLsk=
github.com/klauspost/compress v1.16.6/go.mod h1:ntbaceVETuRiXiv4DpjP66DpAtAGkEQskQzEyD//IeE=
github.com/klauspost/pgzip v1.2.6 h1:8RXeL5crjEUFnR2/Sn6GJNWtSQ3Dk8pq4CL3jvdDyjU=
github.com/klauspost/pgzip v1.2.6/go.mod h1:Ch1tH69qFZu15pkjo5kYi6mth2Zzwzt50oCQKQE9RUs=
github.com/ulikunitz/xz v0.5.11 h1:kpFauv27b6ynzBNT/Xy+1k+fK4WswhN/6PN5WhFAGw8=
github.com/ulikunitz/xz v0.5.11/go.mod h1:nbz6k7qbPmH4IRqmfOplQw/tblSgqTqBwxkY0oWt/14=
