github.com/cavaliergopher/cpio v1.0.1 h1:KQFSeKmZhv0cr+kawA3a0xTQCU4QxXF1vhU7P7av2KM=
github.com/cavaliergopher/cpio v1.0.1/go.mod h1:pBdaqQjnvXxdS/6CvNDwIANIFSP0xRKI16PX4xejRQc=
github.com/google/go-cmp v0.3.1 h1:Xye71clBPdm5HgqGwUkwhbynsUJZhDbS20FvLhQ2izg=
github.com/google/go-cmp v0.3.1/go.mod h1:8QqcDgzrUqlUb/G2PQTWiueGozuR1884gddMywk6iLU=
github.com/klauspost/compress v1.13.6 h1:P76CopJELS0TiO2mebmnzgWaajssP/EszplttgQxcgc=
github.com/klauspost/compress v1.13.6/go.mod h1:/3/Vjq9QcHkK5uEr5lBEmyoZ1iFhe47etQ6QUkpK6sk=
github.com/klauspost/pgzip v1.2.5 h1:qnWYvvKqedOF2ulHpMG72XQol4ILEJ8k2wwRl/Km8oE=
github.com/klauspost/pgzip v1.2.5/go.mod h1:Ch1tH69qFZu15pkjo5kYi6mth2Zzwzt50oCQKQE9RUs=
github.com/pkg/errors v0.9.1 h1:FEBLx1zS214owpjy7qsBeixbURkuhQAwrK5UwLGTwt4=
github.com/pkg/errors v0.9.1/go.mod h1:bwawxfHBFNV+L2hUp1rHADufV3IMtnDRdf1r5NINEl0=
github.com/ulikunitz/xz v0.5.10 h1:t92gobL9l3HE202wg3rlk19F6X+JOxl9BBrCCMYEYd8=
github.com/ulikunitz/xz v0.5.10/go.mod h1:nbz6k7qbPmH4IRqmfOplQw/tblSgqTqBwxkY0oWt/14=
